
Microsoft Visual Studio Solution File, Format Version 12.00
Project("{FAE04EC0-301F-11D3-BF4B-00C04F79EFBC}") = "practice_1", "practice_1\practice_1.csproj", "{33D14337-F8B6-4266-8987-ACC389BC4FCB}"
EndProject
Project("{FAE04EC0-301F-11D3-BF4B-00C04F79EFBC}") = "practice_2", "practice_2\practice_2.csproj", "{B659E8A0-CB82-484E-98AA-ACBEC614DA3D}"
EndProject
Project("{FAE04EC0-301F-11D3-BF4B-00C04F79EFBC}") = "practice_3", "practice_3\practice_3.csproj", "{778594AC-AB9C-4081-A836-CD6D8DC067A8}"
EndProject
Project("{FAE04EC0-301F-11D3-BF4B-00C04F79EFBC}") = "practice_4", "practice_4\practice_4.csproj", "{8C232281-42D6-4F88-92BC-D15A74D8B7C7}"
EndProject
Project("{FAE04EC0-301F-11D3-BF4B-00C04F79EFBC}") = "practice_5", "practice_5\practice_5.csproj", "{168E9DA5-447E-473A-9A38-5183FA5DBE76}"
EndProject
Project("{FAE04EC0-301F-11D3-BF4B-00C04F79EFBC}") = "practive_6", "practive_6\practive_6.csproj", "{9C543316-1A8B-4CBA-BE30-6AE96606312C}"
EndProject
Global
	GlobalSection(SolutionConfigurationPlatforms) = preSolution
		Debug|Any CPU = Debug|Any CPU
		Release|Any CPU = Release|Any CPU
	EndGlobalSection
	GlobalSection(ProjectConfigurationPlatforms) = postSolution
		{33D14337-F8B6-4266-8987-ACC389BC4FCB}.Debug|Any CPU.ActiveCfg = Debug|Any CPU
		{33D14337-F8B6-4266-8987-ACC389BC4FCB}.Debug|Any CPU.Build.0 = Debug|Any CPU
		{33D14337-F8B6-4266-8987-ACC389BC4FCB}.Release|Any CPU.ActiveCfg = Release|Any CPU
		{33D14337-F8B6-4266-8987-ACC389BC4FCB}.Release|Any CPU.Build.0 = Release|Any CPU
		{B659E8A0-CB82-484E-98AA-ACBEC614DA3D}.Debug|Any CPU.ActiveCfg = Debug|Any CPU
		{B659E8A0-CB82-484E-98AA-ACBEC614DA3D}.Debug|Any CPU.Build.0 = Debug|Any CPU
		{B659E8A0-CB82-484E-98AA-ACBEC614DA3D}.Release|Any CPU.ActiveCfg = Release|Any CPU
		{B659E8A0-CB82-484E-98AA-ACBEC614DA3D}.Release|Any CPU.Build.0 = Release|Any CPU
		{778594AC-AB9C-4081-A836-CD6D8DC067A8}.Debug|Any CPU.ActiveCfg = Debug|Any CPU
		{778594AC-AB9C-4081-A836-CD6D8DC067A8}.Debug|Any CPU.Build.0 = Debug|Any CPU
		{778594AC-AB9C-4081-A836-CD6D8DC067A8}.Release|Any CPU.ActiveCfg = Release|Any CPU
		{778594AC-AB9C-4081-A836-CD6D8DC067A8}.Release|Any CPU.Build.0 = Release|Any CPU
		{8C232281-42D6-4F88-92BC-D15A74D8B7C7}.Debug|Any CPU.ActiveCfg = Debug|Any CPU
		{8C232281-42D6-4F88-92BC-D15A74D8B7C7}.Debug|Any CPU.Build.0 = Debug|Any CPU
		{8C232281-42D6-4F88-92BC-D15A74D8B7C7}.Release|Any CPU.ActiveCfg = Release|Any CPU
		{8C232281-42D6-4F88-92BC-D15A74D8B7C7}.Release|Any CPU.Build.0 = Release|Any CPU
		{168E9DA5-447E-473A-9A38-5183FA5DBE76}.Debug|Any CPU.ActiveCfg = Debug|Any CPU
		{168E9DA5-447E-473A-9A38-5183FA5DBE76}.Debug|Any CPU.Build.0 = Debug|Any CPU
		{168E9DA5-447E-473A-9A38-5183FA5DBE76}.Release|Any CPU.ActiveCfg = Release|Any CPU
		{168E9DA5-447E-473A-9A38-5183FA5DBE76}.Release|Any CPU.Build.0 = Release|Any CPU
		{9C543316-1A8B-4CBA-BE30-6AE96606312C}.Debug|Any CPU.ActiveCfg = Debug|Any CPU
		{9C543316-1A8B-4CBA-BE30-6AE96606312C}.Debug|Any CPU.Build.0 = Debug|Any CPU
		{9C543316-1A8B-4CBA-BE30-6AE96606312C}.Release|Any CPU.ActiveCfg = Release|Any CPU
		{9C543316-1A8B-4CBA-BE30-6AE96606312C}.Release|Any CPU.Build.0 = Release|Any CPU
	EndGlobalSection
EndGlobal
